
Microsoft Visual Studio Solution File, Format Version 12.00
# Visual Studio Version 17
VisualStudioVersion = 17.10.34928.147
MinimumVisualStudioVersion = 10.0.40219.1
Project("{9A19103F-16F7-4668-BE54-9A1E7A4F7556}") = "EzTabs.View", "EzTabs.View\EzTabs.View.csproj", "{C9A1D184-4EBF-4E70-BD69-F447E5EF61E7}"
EndProject
Project("{9A19103F-16F7-4668-BE54-9A1E7A4F7556}") = "EzTabs.ViewModel", "EzTabs.ViewModel\EzTabs.ViewModel.csproj", "{EDA0555F-B4CD-4FC6-B270-FA6E430F78ED}"
EndProject
Project("{9A19103F-16F7-4668-BE54-9A1E7A4F7556}") = "EzTabs.Model", "EzTabs.Model\EzTabs.Model.csproj", "{2336967D-5CE5-4832-ACB8-4B8B6CA21923}"
EndProject
Project("{9A19103F-16F7-4668-BE54-9A1E7A4F7556}") = "EzTabs.Data", "EzTabs.Data\EzTabs.Data.csproj", "{3E18F3D9-B104-4DA5-909D-FECE9AC55882}"
EndProject
Project("{9A19103F-16F7-4668-BE54-9A1E7A4F7556}") = "EzTabs.Services", "EzTabs.Services\EzTabs.Services.csproj", "{C9750203-4C19-46AC-8231-3FE0CDA106BB}"
EndProject
Global
	GlobalSection(SolutionConfigurationPlatforms) = preSolution
		Debug|Any CPU = Debug|Any CPU
		Release|Any CPU = Release|Any CPU
	EndGlobalSection
	GlobalSection(ProjectConfigurationPlatforms) = postSolution
		{C9A1D184-4EBF-4E70-BD69-F447E5EF61E7}.Debug|Any CPU.ActiveCfg = Debug|Any CPU
		{C9A1D184-4EBF-4E70-BD69-F447E5EF61E7}.Debug|Any CPU.Build.0 = Debug|Any CPU
		{C9A1D184-4EBF-4E70-BD69-F447E5EF61E7}.Release|Any CPU.ActiveCfg = Release|Any CPU
		{C9A1D184-4EBF-4E70-BD69-F447E5EF61E7}.Release|Any CPU.Build.0 = Release|Any CPU
		{EDA0555F-B4CD-4FC6-B270-FA6E430F78ED}.Debug|Any CPU.ActiveCfg = Debug|Any CPU
		{EDA0555F-B4CD-4FC6-B270-FA6E430F78ED}.Debug|Any CPU.Build.0 = Debug|Any CPU
		{EDA0555F-B4CD-4FC6-B270-FA6E430F78ED}.Release|Any CPU.ActiveCfg = Release|Any CPU
		{EDA0555F-B4CD-4FC6-B270-FA6E430F78ED}.Release|Any CPU.Build.0 = Release|Any CPU
		{2336967D-5CE5-4832-ACB8-4B8B6CA21923}.Debug|Any CPU.ActiveCfg = Debug|Any CPU
		{2336967D-5CE5-4832-ACB8-4B8B6CA21923}.Debug|Any CPU.Build.0 = Debug|Any CPU
		{2336967D-5CE5-4832-ACB8-4B8B6CA21923}.Release|Any CPU.ActiveCfg = Release|Any CPU
		{2336967D-5CE5-4832-ACB8-4B8B6CA21923}.Release|Any CPU.Build.0 = Release|Any CPU
		{3E18F3D9-B104-4DA5-909D-FECE9AC55882}.Debug|Any CPU.ActiveCfg = Debug|Any CPU
		{3E18F3D9-B104-4DA5-909D-FECE9AC55882}.Debug|Any CPU.Build.0 = Debug|Any CPU
		{3E18F3D9-B104-4DA5-909D-FECE9AC55882}.Release|Any CPU.ActiveCfg = Release|Any CPU
		{3E18F3D9-B104-4DA5-909D-FECE9AC55882}.Release|Any CPU.Build.0 = Release|Any CPU
		{C9750203-4C19-46AC-8231-3FE0CDA106BB}.Debug|Any CPU.ActiveCfg = Debug|Any CPU
		{C9750203-4C19-46AC-8231-3FE0CDA106BB}.Debug|Any CPU.Build.0 = Debug|Any CPU
		{C9750203-4C19-46AC-8231-3FE0CDA106BB}.Release|Any CPU.ActiveCfg = Release|Any CPU
		{C9750203-4C19-46AC-8231-3FE0CDA106BB}.Release|Any CPU.Build.0 = Release|Any CPU
	EndGlobalSection
	GlobalSection(SolutionProperties) = preSolution
		HideSolutionNode = FALSE
	EndGlobalSection
	GlobalSection(ExtensibilityGlobals) = postSolution
		SolutionGuid = {7A02B234-0390-4B0F-A86A-2D7327B49E64}
	EndGlobalSection
EndGlobal
